
Microsoft Visual Studio Solution File, Format Version 12.00
# Visual Studio 15
VisualStudioVersion = 15.0.27130.2036
MinimumVisualStudioVersion = 10.0.40219.1
Project("{FAE04EC0-301F-11D3-BF4B-00C04F79EFBC}") = "import_excel", "import_excel\import_excel.csproj", "{C2D0FC3B-7E1D-46A5-B8B9-3F38AD5A3958}"
EndProject
Global
	GlobalSection(SolutionConfigurationPlatforms) = preSolution
		Debug|Any CPU = Debug|Any CPU
		Release|Any CPU = Release|Any CPU
	EndGlobalSection
	GlobalSection(ProjectConfigurationPlatforms) = postSolution
		{C2D0FC3B-7E1D-46A5-B8B9-3F38AD5A3958}.Debug|Any CPU.ActiveCfg = Debug|Any CPU
		{C2D0FC3B-7E1D-46A5-B8B9-3F38AD5A3958}.Debug|Any CPU.Build.0 = Debug|Any CPU
		{C2D0FC3B-7E1D-46A5-B8B9-3F38AD5A3958}.Release|Any CPU.ActiveCfg = Release|Any CPU
		{C2D0FC3B-7E1D-46A5-B8B9-3F38AD5A3958}.Release|Any CPU.Build.0 = Release|Any CPU
	EndGlobalSection
	GlobalSection(SolutionProperties) = preSolution
		HideSolutionNode = FALSE
	EndGlobalSection
	GlobalSection(ExtensibilityGlobals) = postSolution
		SolutionGuid = {05C6BF6A-CCE4-4D89-B3D0-D737541DA345}
	EndGlobalSection
EndGlobal
